
Microsoft Visual Studio Solution File, Format Version 12.00
# Visual Studio Version 17
VisualStudioVersion = 17.3.32901.215
MinimumVisualStudioVersion = 10.0.40219.1
Project("{FAE04EC0-301F-11D3-BF4B-00C04F79EFBC}") = "Client", "SocketFormClient\Client.csproj", "{21C121CF-1013-48D5-BB15-03044294D778}"
EndProject
Global
	GlobalSection(SolutionConfigurationPlatforms) = preSolution
		Debug|Any CPU = Debug|Any CPU
		Release|Any CPU = Release|Any CPU
	EndGlobalSection
	GlobalSection(ProjectConfigurationPlatforms) = postSolution
		{21C121CF-1013-48D5-BB15-03044294D778}.Debug|Any CPU.ActiveCfg = Debug|Any CPU
		{21C121CF-1013-48D5-BB15-03044294D778}.Debug|Any CPU.Build.0 = Debug|Any CPU
		{21C121CF-1013-48D5-BB15-03044294D778}.Release|Any CPU.ActiveCfg = Release|Any CPU
		{21C121CF-1013-48D5-BB15-03044294D778}.Release|Any CPU.Build.0 = Release|Any CPU
	EndGlobalSection
	GlobalSection(SolutionProperties) = preSolution
		HideSolutionNode = FALSE
	EndGlobalSection
	GlobalSection(ExtensibilityGlobals) = postSolution
		SolutionGuid = {095B1409-99E4-4640-8A10-C74CE8FF632D}
	EndGlobalSection
EndGlobal
